
Microsoft Visual Studio Solution File, Format Version 12.00
# Visual Studio 15
VisualStudioVersion = 15.0.26730.16
MinimumVisualStudioVersion = 10.0.40219.1
Project("{FAE04EC0-301F-11D3-BF4B-00C04F79EFBC}") = "Ksu.Cis300.ConnectFour", "Ksu.Cis300.ConnectFour\Ksu.Cis300.ConnectFour.csproj", "{12EB25A6-4F49-4EA3-A391-1F564C429D07}"
EndProject
Global
	GlobalSection(SolutionConfigurationPlatforms) = preSolution
		Debug|Any CPU = Debug|Any CPU
		Release|Any CPU = Release|Any CPU
	EndGlobalSection
	GlobalSection(ProjectConfigurationPlatforms) = postSolution
		{12EB25A6-4F49-4EA3-A391-1F564C429D07}.Debug|Any CPU.ActiveCfg = Debug|Any CPU
		{12EB25A6-4F49-4EA3-A391-1F564C429D07}.Debug|Any CPU.Build.0 = Debug|Any CPU
		{12EB25A6-4F49-4EA3-A391-1F564C429D07}.Release|Any CPU.ActiveCfg = Release|Any CPU
		{12EB25A6-4F49-4EA3-A391-1F564C429D07}.Release|Any CPU.Build.0 = Release|Any CPU
	EndGlobalSection
	GlobalSection(SolutionProperties) = preSolution
		HideSolutionNode = FALSE
	EndGlobalSection
	GlobalSection(ExtensibilityGlobals) = postSolution
		SolutionGuid = {A2132522-EE50-401F-B9D6-F99BFB5B1800}
	EndGlobalSection
EndGlobal
