
Microsoft Visual Studio Solution File, Format Version 12.00
# Visual Studio 15
VisualStudioVersion = 15.0.26730.8
MinimumVisualStudioVersion = 10.0.40219.1
Project("{8BC9CEB8-8B4A-11D0-8D11-00A0C91BC942}") = "Brunnerz_Project2", "Brunnerz_Project2\Brunnerz_Project2.vcxproj", "{DD543040-7AC3-4767-AF3A-6E0AF44A90AA}"
EndProject
Global
	GlobalSection(SolutionConfigurationPlatforms) = preSolution
		Debug|x64 = Debug|x64
		Debug|x86 = Debug|x86
		Release|x64 = Release|x64
		Release|x86 = Release|x86
	EndGlobalSection
	GlobalSection(ProjectConfigurationPlatforms) = postSolution
		{DD543040-7AC3-4767-AF3A-6E0AF44A90AA}.Debug|x64.ActiveCfg = Debug|x64
		{DD543040-7AC3-4767-AF3A-6E0AF44A90AA}.Debug|x64.Build.0 = Debug|x64
		{DD543040-7AC3-4767-AF3A-6E0AF44A90AA}.Debug|x86.ActiveCfg = Debug|Win32
		{DD543040-7AC3-4767-AF3A-6E0AF44A90AA}.Debug|x86.Build.0 = Debug|Win32
		{DD543040-7AC3-4767-AF3A-6E0AF44A90AA}.Release|x64.ActiveCfg = Release|x64
		{DD543040-7AC3-4767-AF3A-6E0AF44A90AA}.Release|x64.Build.0 = Release|x64
		{DD543040-7AC3-4767-AF3A-6E0AF44A90AA}.Release|x86.ActiveCfg = Release|Win32
		{DD543040-7AC3-4767-AF3A-6E0AF44A90AA}.Release|x86.Build.0 = Release|Win32
	EndGlobalSection
	GlobalSection(SolutionProperties) = preSolution
		HideSolutionNode = FALSE
	EndGlobalSection
	GlobalSection(ExtensibilityGlobals) = postSolution
		SolutionGuid = {587B480E-288A-45CD-BB72-732FF84809C7}
	EndGlobalSection
EndGlobal
